// !$*UTF8*$!
{
	archiveVersion = 1;
	classes = {
	};
	objectVersion = 50;
	objects = {

/* Begin PBXBuildFile section */
		D269FB242837799600B5B027 /* AppDelegate.swift in Sources */ = {isa = PBXBuildFile; fileRef = D269FB232837799600B5B027 /* AppDelegate.swift */; };
		D269FB262837799600B5B027 /* SceneDelegate.swift in Sources */ = {isa = PBXBuildFile; fileRef = D269FB252837799600B5B027 /* SceneDelegate.swift */; };
		D269FB282837799700B5B027 /* ViewController.swift in Sources */ = {isa = PBXBuildFile; fileRef = D269FB272837799600B5B027 /* ViewController.swift */; };
		D269FB2B2837799700B5B027 /* Main.storyboard in Resources */ = {isa = PBXBuildFile; fileRef = D269FB292837799700B5B027 /* Main.storyboard */; };
		D269FB2D2837799A00B5B027 /* Assets.xcassets in Resources */ = {isa = PBXBuildFile; fileRef = D269FB2C2837799A00B5B027 /* Assets.xcassets */; };
		D269FB302837799A00B5B027 /* LaunchScreen.storyboard in Resources */ = {isa = PBXBuildFile; fileRef = D269FB2E2837799A00B5B027 /* LaunchScreen.storyboard */; };
		D269FB3B2837799B00B5B027 /* SampleCollectionViewTests.swift in Sources */ = {isa = PBXBuildFile; fileRef = D269FB3A2837799B00B5B027 /* SampleCollectionViewTests.swift */; };
		D269FB462837799B00B5B027 /* SampleCollectionViewUITests.swift in Sources */ = {isa = PBXBuildFile; fileRef = D269FB452837799B00B5B027 /* SampleCollectionViewUITests.swift */; };
/* End PBXBuildFile section */

/* Begin PBXContainerItemProxy section */
		D269FB372837799B00B5B027 /* PBXContainerItemProxy */ = {
			isa = PBXContainerItemProxy;
			containerPortal = D269FB182837799600B5B027 /* Project object */;
			proxyType = 1;
			remoteGlobalIDString = D269FB1F2837799600B5B027;
			remoteInfo = SampleCollectionView;
		};
		D269FB422837799B00B5B027 /* PBXContainerItemProxy */ = {
			isa = PBXContainerItemProxy;
			containerPortal = D269FB182837799600B5B027 /* Project object */;
			proxyType = 1;
			remoteGlobalIDString = D269FB1F2837799600B5B027;
			remoteInfo = SampleCollectionView;
		};
/* End PBXContainerItemProxy section */

/* Begin PBXFileReference section */
		D269FB202837799600B5B027 /* SampleCollectionView.app */ = {isa = PBXFileReference; explicitFileType = wrapper.application; includeInIndex = 0; path = SampleCollectionView.app; sourceTree = BUILT_PRODUCTS_DIR; };
		D269FB232837799600B5B027 /* AppDelegate.swift */ = {isa = PBXFileReference; lastKnownFileType = sourcecode.swift; path = AppDelegate.swift; sourceTree = "<group>"; };
		D269FB252837799600B5B027 /* SceneDelegate.swift */ = {isa = PBXFileReference; lastKnownFileType = sourcecode.swift; path = SceneDelegate.swift; sourceTree = "<group>"; };
		D269FB272837799600B5B027 /* ViewController.swift */ = {isa = PBXFileReference; lastKnownFileType = sourcecode.swift; path = ViewController.swift; sourceTree = "<group>"; };
		D269FB2A2837799700B5B027 /* Base */ = {isa = PBXFileReference; lastKnownFileType = file.storyboard; name = Base; path = Base.lproj/Main.storyboard; sourceTree = "<group>"; };
		D269FB2C2837799A00B5B027 /* Assets.xcassets */ = {isa = PBXFileReference; lastKnownFileType = folder.assetcatalog; path = Assets.xcassets; sourceTree = "<group>"; };
		D269FB2F2837799A00B5B027 /* Base */ = {isa = PBXFileReference; lastKnownFileType = file.storyboard; name = Base; path = Base.lproj/LaunchScreen.storyboard; sourceTree = "<group>"; };
		D269FB312837799A00B5B027 /* Info.plist */ = {isa = PBXFileReference; lastKnownFileType = text.plist.xml; path = Info.plist; sourceTree = "<group>"; };
		D269FB362837799B00B5B027 /* SampleCollectionViewTests.xctest */ = {isa = PBXFileReference; explicitFileType = wrapper.cfbundle; includeInIndex = 0; path = SampleCollectionViewTests.xctest; sourceTree = BUILT_PRODUCTS_DIR; };
		D269FB3A2837799B00B5B027 /* SampleCollectionViewTests.swift */ = {isa = PBXFileReference; lastKnownFileType = sourcecode.swift; path = SampleCollectionViewTests.swift; sourceTree = "<group>"; };
		D269FB3C2837799B00B5B027 /* Info.plist */ = {isa = PBXFileReference; lastKnownFileType = text.plist.xml; path = Info.plist; sourceTree = "<group>"; };
		D269FB412837799B00B5B027 /* SampleCollectionViewUITests.xctest */ = {isa = PBXFileReference; explicitFileType = wrapper.cfbundle; includeInIndex = 0; path = SampleCollectionViewUITests.xctest; sourceTree = BUILT_PRODUCTS_DIR; };
		D269FB452837799B00B5B027 /* SampleCollectionViewUITests.swift */ = {isa = PBXFileReference; lastKnownFileType = sourcecode.swift; path = SampleCollectionViewUITests.swift; sourceTree = "<group>"; };
		D269FB472837799B00B5B027 /* Info.plist */ = {isa = PBXFileReference; lastKnownFileType = text.plist.xml; path = Info.plist; sourceTree = "<group>"; };
/* End PBXFileReference section */

/* Begin PBXFrameworksBuildPhase section */
		D269FB1D2837799600B5B027 /* Frameworks */ = {
			isa = PBXFrameworksBuildPhase;
			buildActionMask = 2147483647;
			files = (
			);
			runOnlyForDeploymentPostprocessing = 0;
		};
		D269FB332837799B00B5B027 /* Frameworks */ = {
			isa = PBXFrameworksBuildPhase;
			buildActionMask = 2147483647;
			files = (
			);
			runOnlyForDeploymentPostprocessing = 0;
		};
		D269FB3E2837799B00B5B027 /* Frameworks */ = {
			isa = PBXFrameworksBuildPhase;
			buildActionMask = 2147483647;
			files = (
			);
			runOnlyForDeploymentPostprocessing = 0;
		};
/* End PBXFrameworksBuildPhase section */

/* Begin PBXGroup section */
		D269FB172837799600B5B027 = {
			isa = PBXGroup;
			children = (
				D269FB222837799600B5B027 /* SampleCollectionView */,
				D269FB392837799B00B5B027 /* SampleCollectionViewTests */,
				D269FB442837799B00B5B027 /* SampleCollectionViewUITests */,
				D269FB212837799600B5B027 /* Products */,
			);
			sourceTree = "<group>";
		};
		D269FB212837799600B5B027 /* Products */ = {
			isa = PBXGroup;
			children = (
				D269FB202837799600B5B027 /* SampleCollectionView.app */,
				D269FB362837799B00B5B027 /* SampleCollectionViewTests.xctest */,
				D269FB412837799B00B5B027 /* SampleCollectionViewUITests.xctest */,
			);
			name = Products;
			sourceTree = "<group>";
		};
		D269FB222837799600B5B027 /* SampleCollectionView */ = {
			isa = PBXGroup;
			children = (
				D269FB232837799600B5B027 /* AppDelegate.swift */,
				D269FB252837799600B5B027 /* SceneDelegate.swift */,
				D269FB272837799600B5B027 /* ViewController.swift */,
				D269FB292837799700B5B027 /* Main.storyboard */,
				D269FB2C2837799A00B5B027 /* Assets.xcassets */,
				D269FB2E2837799A00B5B027 /* LaunchScreen.storyboard */,
				D269FB312837799A00B5B027 /* Info.plist */,
			);
			path = SampleCollectionView;
			sourceTree = "<group>";
		};
		D269FB392837799B00B5B027 /* SampleCollectionViewTests */ = {
			isa = PBXGroup;
			children = (
				D269FB3A2837799B00B5B027 /* SampleCollectionViewTests.swift */,
				D269FB3C2837799B00B5B027 /* Info.plist */,
			);
			path = SampleCollectionViewTests;
			sourceTree = "<group>";
		};
		D269FB442837799B00B5B027 /* SampleCollectionViewUITests */ = {
			isa = PBXGroup;
			children = (
				D269FB452837799B00B5B027 /* SampleCollectionViewUITests.swift */,
				D269FB472837799B00B5B027 /* Info.plist */,
			);
			path = SampleCollectionViewUITests;
			sourceTree = "<group>";
		};
/* End PBXGroup section */

/* Begin PBXNativeTarget section */
		D269FB1F2837799600B5B027 /* SampleCollectionView */ = {
			isa = PBXNativeTarget;
			buildConfigurationList = D269FB4A2837799B00B5B027 /* Build configuration list for PBXNativeTarget "SampleCollectionView" */;
			buildPhases = (
				D269FB1C2837799600B5B027 /* Sources */,
				D269FB1D2837799600B5B027 /* Frameworks */,
				D269FB1E2837799600B5B027 /* Resources */,
			);
			buildRules = (
			);
			dependencies = (
			);
			name = SampleCollectionView;
			productName = SampleCollectionView;
			productReference = D269FB202837799600B5B027 /* SampleCollectionView.app */;
			productType = "com.apple.product-type.application";
		};
		D269FB352837799B00B5B027 /* SampleCollectionViewTests */ = {
			isa = PBXNativeTarget;
			buildConfigurationList = D269FB4D2837799B00B5B027 /* Build configuration list for PBXNativeTarget "SampleCollectionViewTests" */;
			buildPhases = (
				D269FB322837799B00B5B027 /* Sources */,
				D269FB332837799B00B5B027 /* Frameworks */,
				D269FB342837799B00B5B027 /* Resources */,
			);
			buildRules = (
			);
			dependencies = (
				D269FB382837799B00B5B027 /* PBXTargetDependency */,
			);
			name = SampleCollectionViewTests;
			productName = SampleCollectionViewTests;
			productReference = D269FB362837799B00B5B027 /* SampleCollectionViewTests.xctest */;
			productType = "com.apple.product-type.bundle.unit-test";
		};
		D269FB402837799B00B5B027 /* SampleCollectionViewUITests */ = {
			isa = PBXNativeTarget;
			buildConfigurationList = D269FB502837799B00B5B027 /* Build configuration list for PBXNativeTarget "SampleCollectionViewUITests" */;
			buildPhases = (
				D269FB3D2837799B00B5B027 /* Sources */,
				D269FB3E2837799B00B5B027 /* Frameworks */,
				D269FB3F2837799B00B5B027 /* Resources */,
			);
			buildRules = (
			);
			dependencies = (
				D269FB432837799B00B5B027 /* PBXTargetDependency */,
			);
			name = SampleCollectionViewUITests;
			productName = SampleCollectionViewUITests;
			productReference = D269FB412837799B00B5B027 /* SampleCollectionViewUITests.xctest */;
			productType = "com.apple.product-type.bundle.ui-testing";
		};
/* End PBXNativeTarget section */

/* Begin PBXProject section */
		D269FB182837799600B5B027 /* Project object */ = {
			isa = PBXProject;
			attributes = {
				LastSwiftUpdateCheck = 1250;
				LastUpgradeCheck = 1250;
				TargetAttributes = {
					D269FB1F2837799600B5B027 = {
						CreatedOnToolsVersion = 12.5.1;
					};
					D269FB352837799B00B5B027 = {
						CreatedOnToolsVersion = 12.5.1;
						TestTargetID = D269FB1F2837799600B5B027;
					};
					D269FB402837799B00B5B027 = {
						CreatedOnToolsVersion = 12.5.1;
						TestTargetID = D269FB1F2837799600B5B027;
					};
				};
			};
			buildConfigurationList = D269FB1B2837799600B5B027 /* Build configuration list for PBXProject "SampleCollectionView" */;
			compatibilityVersion = "Xcode 9.3";
			developmentRegion = en;
			hasScannedForEncodings = 0;
			knownRegions = (
				en,
				Base,
			);
			mainGroup = D269FB172837799600B5B027;
			productRefGroup = D269FB212837799600B5B027 /* Products */;
			projectDirPath = "";
			projectRoot = "";
			targets = (
				D269FB1F2837799600B5B027 /* SampleCollectionView */,
				D269FB352837799B00B5B027 /* SampleCollectionViewTests */,
				D269FB402837799B00B5B027 /* SampleCollectionViewUITests */,
			);
		};
/* End PBXProject section */

/* Begin PBXResourcesBuildPhase section */
		D269FB1E2837799600B5B027 /* Resources */ = {
			isa = PBXResourcesBuildPhase;
			buildActionMask = 2147483647;
			files = (
				D269FB302837799A00B5B027 /* LaunchScreen.storyboard in Resources */,
				D269FB2D2837799A00B5B027 /* Assets.xcassets in Resources */,
				D269FB2B2837799700B5B027 /* Main.storyboard in Resources */,
			);
			runOnlyForDeploymentPostprocessing = 0;
		};
		D269FB342837799B00B5B027 /* Resources */ = {
			isa = PBXResourcesBuildPhase;
			buildActionMask = 2147483647;
			files = (
			);
			runOnlyForDeploymentPostprocessing = 0;
		};
		D269FB3F2837799B00B5B027 /* Resources */ = {
			isa = PBXResourcesBuildPhase;
			buildActionMask = 2147483647;
			files = (
			);
			runOnlyForDeploymentPostprocessing = 0;
		};
/* End PBXResourcesBuildPhase section */

/* Begin PBXSourcesBuildPhase section */
		D269FB1C2837799600B5B027 /* Sources */ = {
			isa = PBXSourcesBuildPhase;
			buildActionMask = 2147483647;
			files = (
				D269FB282837799700B5B027 /* ViewController.swift in Sources */,
				D269FB242837799600B5B027 /* AppDelegate.swift in Sources */,
				D269FB262837799600B5B027 /* SceneDelegate.swift in Sources */,
			);
			runOnlyForDeploymentPostprocessing = 0;
		};
		D269FB322837799B00B5B027 /* Sources */ = {
			isa = PBXSourcesBuildPhase;
			buildActionMask = 2147483647;
			files = (
				D269FB3B2837799B00B5B027 /* SampleCollectionViewTests.swift in Sources */,
			);
			runOnlyForDeploymentPostprocessing = 0;
		};
		D269FB3D2837799B00B5B027 /* Sources */ = {
			isa = PBXSourcesBuildPhase;
			buildActionMask = 2147483647;
			files = (
				D269FB462837799B00B5B027 /* SampleCollectionViewUITests.swift in Sources */,
			);
			runOnlyForDeploymentPostprocessing = 0;
		};
/* End PBXSourcesBuildPhase section */

/* Begin PBXTargetDependency section */
		D269FB382837799B00B5B027 /* PBXTargetDependency */ = {
			isa = PBXTargetDependency;
			target = D269FB1F2837799600B5B027 /* SampleCollectionView */;
			targetProxy = D269FB372837799B00B5B027 /* PBXContainerItemProxy */;
		};
		D269FB432837799B00B5B027 /* PBXTargetDependency */ = {
			isa = PBXTargetDependency;
			target = D269FB1F2837799600B5B027 /* SampleCollectionView */;
			targetProxy = D269FB422837799B00B5B027 /* PBXContainerItemProxy */;
		};
/* End PBXTargetDependency section */

/* Begin PBXVariantGroup section */
		D269FB292837799700B5B027 /* Main.storyboard */ = {
			isa = PBXVariantGroup;
			children = (
				D269FB2A2837799700B5B027 /* Base */,
			);
			name = Main.storyboard;
			sourceTree = "<group>";
		};
		D269FB2E2837799A00B5B027 /* LaunchScreen.storyboard */ = {
			isa = PBXVariantGroup;
			children = (
				D269FB2F2837799A00B5B027 /* Base */,
			);
			name = LaunchScreen.storyboard;
			sourceTree = "<group>";
		};
/* End PBXVariantGroup section */

/* Begin XCBuildConfiguration section */
		D269FB482837799B00B5B027 /* Debug */ = {
			isa = XCBuildConfiguration;
			buildSettings = {
				ALWAYS_SEARCH_USER_PATHS = NO;
				CLANG_ANALYZER_NONNULL = YES;
				CLANG_ANALYZER_NUMBER_OBJECT_CONVERSION = YES_AGGRESSIVE;
				CLANG_CXX_LANGUAGE_STANDARD = "gnu++14";
				CLANG_CXX_LIBRARY = "libc++";
				CLANG_ENABLE_MODULES = YES;
				CLANG_ENABLE_OBJC_ARC = YES;
				CLANG_ENABLE_OBJC_WEAK = YES;
				CLANG_WARN_BLOCK_CAPTURE_AUTORELEASING = YES;
				CLANG_WARN_BOOL_CONVERSION = YES;
				CLANG_WARN_COMMA = YES;
				CLANG_WARN_CONSTANT_CONVERSION = YES;
				CLANG_WARN_DEPRECATED_OBJC_IMPLEMENTATIONS = YES;
				CLANG_WARN_DIRECT_OBJC_ISA_USAGE = YES_ERROR;
				CLANG_WARN_DOCUMENTATION_COMMENTS = YES;
				CLANG_WARN_EMPTY_BODY = YES;
				CLANG_WARN_ENUM_CONVERSION = YES;
				CLANG_WARN_INFINITE_RECURSION = YES;
				CLANG_WARN_INT_CONVERSION = YES;
				CLANG_WARN_NON_LITERAL_NULL_CONVERSION = YES;
				CLANG_WARN_OBJC_IMPLICIT_RETAIN_SELF = YES;
				CLANG_WARN_OBJC_LITERAL_CONVERSION = YES;
				CLANG_WARN_OBJC_ROOT_CLASS = YES_ERROR;
				CLANG_WARN_QUOTED_INCLUDE_IN_FRAMEWORK_HEADER = YES;
				CLANG_WARN_RANGE_LOOP_ANALYSIS = YES;
				CLANG_WARN_STRICT_PROTOTYPES = YES;
				CLANG_WARN_SUSPICIOUS_MOVE = YES;
				CLANG_WARN_UNGUARDED_AVAILABILITY = YES_AGGRESSIVE;
				CLANG_WARN_UNREACHABLE_CODE = YES;
				CLANG_WARN__DUPLICATE_METHOD_MATCH = YES;
				COPY_PHASE_STRIP = NO;
				DEBUG_INFORMATION_FORMAT = dwarf;
				ENABLE_STRICT_OBJC_MSGSEND = YES;
				ENABLE_TESTABILITY = YES;
				GCC_C_LANGUAGE_STANDARD = gnu11;
				GCC_DYNAMIC_NO_PIC = NO;
				GCC_NO_COMMON_BLOCKS = YES;
				GCC_OPTIMIZATION_LEVEL = 0;
				GCC_PREPROCESSOR_DEFINITIONS = (
					"DEBUG=1",
					"$(inherited)",
				);
				GCC_WARN_64_TO_32_BIT_CONVERSION = YES;
				GCC_WARN_ABOUT_RETURN_TYPE = YES_ERROR;
				GCC_WARN_UNDECLARED_SELECTOR = YES;
				GCC_WARN_UNINITIALIZED_AUTOS = YES_AGGRESSIVE;
				GCC_WARN_UNUSED_FUNCTION = YES;
				GCC_WARN_UNUSED_VARIABLE = YES;
				IPHONEOS_DEPLOYMENT_TARGET = 14.5;
				MTL_ENABLE_DEBUG_INFO = INCLUDE_SOURCE;
				MTL_FAST_MATH = YES;
				ONLY_ACTIVE_ARCH = YES;
				SDKROOT = iphoneos;
				SWIFT_ACTIVE_COMPILATION_CONDITIONS = DEBUG;
				SWIFT_OPTIMIZATION_LEVEL = "-Onone";
			};
			name = Debug;
		};
		D269FB492837799B00B5B027 /* Release */ = {
			isa = XCBuildConfiguration;
			buildSettings = {
				ALWAYS_SEARCH_USER_PATHS = NO;
				CLANG_ANALYZER_NONNULL = YES;
				CLANG_ANALYZER_NUMBER_OBJECT_CONVERSION = YES_AGGRESSIVE;
				CLANG_CXX_LANGUAGE_STANDARD = "gnu++14";
				CLANG_CXX_LIBRARY = "libc++";
				CLANG_ENABLE_MODULES = YES;
				CLANG_ENABLE_OBJC_ARC = YES;
				CLANG_ENABLE_OBJC_WEAK = YES;
				CLANG_WARN_BLOCK_CAPTURE_AUTORELEASING = YES;
				CLANG_WARN_BOOL_CONVERSION = YES;
				CLANG_WARN_COMMA = YES;
				CLANG_WARN_CONSTANT_CONVERSION = YES;
				CLANG_WARN_DEPRECATED_OBJC_IMPLEMENTATIONS = YES;
				CLANG_WARN_DIRECT_OBJC_ISA_USAGE = YES_ERROR;
				CLANG_WARN_DOCUMENTATION_COMMENTS = YES;
				CLANG_WARN_EMPTY_BODY = YES;
				CLANG_WARN_ENUM_CONVERSION = YES;
				CLANG_WARN_INFINITE_RECURSION = YES;
				CLANG_WARN_INT_CONVERSION = YES;
				CLANG_WARN_NON_LITERAL_NULL_CONVERSION = YES;
				CLANG_WARN_OBJC_IMPLICIT_RETAIN_SELF = YES;
				CLANG_WARN_OBJC_LITERAL_CONVERSION = YES;
				CLANG_WARN_OBJC_ROOT_CLASS = YES_ERROR;
				CLANG_WARN_QUOTED_INCLUDE_IN_FRAMEWORK_HEADER = YES;
				CLANG_WARN_RANGE_LOOP_ANALYSIS = YES;
				CLANG_WARN_STRICT_PROTOTYPES = YES;
				CLANG_WARN_SUSPICIOUS_MOVE = YES;
				CLANG_WARN_UNGUARDED_AVAILABILITY = YES_AGGRESSIVE;
				CLANG_WARN_UNREACHABLE_CODE = YES;
				CLANG_WARN__DUPLICATE_METHOD_MATCH = YES;
				COPY_PHASE_STRIP = NO;
				DEBUG_INFORMATION_FORMAT = "dwarf-with-dsym";
				ENABLE_NS_ASSERTIONS = NO;
				ENABLE_STRICT_OBJC_MSGSEND = YES;
				GCC_C_LANGUAGE_STANDARD = gnu11;
				GCC_NO_COMMON_BLOCKS = YES;
				GCC_WARN_64_TO_32_BIT_CONVERSION = YES;
				GCC_WARN_ABOUT_RETURN_TYPE = YES_ERROR;
				GCC_WARN_UNDECLARED_SELECTOR = YES;
				GCC_WARN_UNINITIALIZED_AUTOS = YES_AGGRESSIVE;
				GCC_WARN_UNUSED_FUNCTION = YES;
				GCC_WARN_UNUSED_VARIABLE = YES;
				IPHONEOS_DEPLOYMENT_TARGET = 14.5;
				MTL_ENABLE_DEBUG_INFO = NO;
				MTL_FAST_MATH = YES;
				SDKROOT = iphoneos;
				SWIFT_COMPILATION_MODE = wholemodule;
				SWIFT_OPTIMIZATION_LEVEL = "-O";
				VALIDATE_PRODUCT = YES;
			};
			name = Release;
		};
		D269FB4B2837799B00B5B027 /* Debug */ = {
			isa = XCBuildConfiguration;
			buildSettings = {
				ASSETCATALOG_COMPILER_APPICON_NAME = AppIcon;
				ASSETCATALOG_COMPILER_GLOBAL_ACCENT_COLOR_NAME = AccentColor;
				CODE_SIGN_STYLE = Automatic;
				DEVELOPMENT_TEAM = 2QK7L58VJQ;
				INFOPLIST_FILE = SampleCollectionView/Info.plist;
				LD_RUNPATH_SEARCH_PATHS = (
					"$(inherited)",
					"@executable_path/Frameworks",
				);
				PRODUCT_BUNDLE_IDENTIFIER = com.takahiroUdemy.SampleCollectionView;
				PRODUCT_NAME = "$(TARGET_NAME)";
				SWIFT_VERSION = 5.0;
				TARGETED_DEVICE_FAMILY = "1,2";
			};
			name = Debug;
		};
		D269FB4C2837799B00B5B027 /* Release */ = {
			isa = XCBuildConfiguration;
			buildSettings = {
				ASSETCATALOG_COMPILER_APPICON_NAME = AppIcon;
				ASSETCATALOG_COMPILER_GLOBAL_ACCENT_COLOR_NAME = AccentColor;
				CODE_SIGN_STYLE = Automatic;
				DEVELOPMENT_TEAM = 2QK7L58VJQ;
				INFOPLIST_FILE = SampleCollectionView/Info.plist;
				LD_RUNPATH_SEARCH_PATHS = (
					"$(inherited)",
					"@executable_path/Frameworks",
				);
				PRODUCT_BUNDLE_IDENTIFIER = com.takahiroUdemy.SampleCollectionView;
				PRODUCT_NAME = "$(TARGET_NAME)";
				SWIFT_VERSION = 5.0;
				TARGETED_DEVICE_FAMILY = "1,2";
			};
			name = Release;
		};
		D269FB4E2837799B00B5B027 /* Debug */ = {
			isa = XCBuildConfiguration;
			buildSettings = {
				ALWAYS_EMBED_SWIFT_STANDARD_LIBRARIES = YES;
				BUNDLE_LOADER = "$(TEST_HOST)";
				CODE_SIGN_STYLE = Automatic;
				DEVELOPMENT_TEAM = 2QK7L58VJQ;
				INFOPLIST_FILE = SampleCollectionViewTests/Info.plist;
				IPHONEOS_DEPLOYMENT_TARGET = 14.5;
				LD_RUNPATH_SEARCH_PATHS = (
					"$(inherited)",
					"@executable_path/Frameworks",
					"@loader_path/Frameworks",
				);
				PRODUCT_BUNDLE_IDENTIFIER = com.takahiroUdemy.SampleCollectionViewTests;
				PRODUCT_NAME = "$(TARGET_NAME)";
				SWIFT_VERSION = 5.0;
				TARGETED_DEVICE_FAMILY = "1,2";
				TEST_HOST = "$(BUILT_PRODUCTS_DIR)/SampleCollectionView.app/SampleCollectionView";
			};
			name = Debug;
		};
		D269FB4F2837799B00B5B027 /* Release */ = {
			isa = XCBuildConfiguration;
			buildSettings = {
				ALWAYS_EMBED_SWIFT_STANDARD_LIBRARIES = YES;
				BUNDLE_LOADER = "$(TEST_HOST)";
				CODE_SIGN_STYLE = Automatic;
				DEVELOPMENT_TEAM = 2QK7L58VJQ;
				INFOPLIST_FILE = SampleCollectionViewTests/Info.plist;
				IPHONEOS_DEPLOYMENT_TARGET = 14.5;
				LD_RUNPATH_SEARCH_PATHS = (
					"$(inherited)",
					"@executable_path/Frameworks",
					"@loader_path/Frameworks",
				);
				PRODUCT_BUNDLE_IDENTIFIER = com.takahiroUdemy.SampleCollectionViewTests;
				PRODUCT_NAME = "$(TARGET_NAME)";
				SWIFT_VERSION = 5.0;
				TARGETED_DEVICE_FAMILY = "1,2";
				TEST_HOST = "$(BUILT_PRODUCTS_DIR)/SampleCollectionView.app/SampleCollectionView";
			};
			name = Release;
		};
		D269FB512837799B00B5B027 /* Debug */ = {
			isa = XCBuildConfiguration;
			buildSettings = {
				ALWAYS_EMBED_SWIFT_STANDARD_LIBRARIES = YES;
				CODE_SIGN_STYLE = Automatic;
				DEVELOPMENT_TEAM = 2QK7L58VJQ;
				INFOPLIST_FILE = SampleCollectionViewUITests/Info.plist;
				LD_RUNPATH_SEARCH_PATHS = (
					"$(inherited)",
					"@executable_path/Frameworks",
					"@loader_path/Frameworks",
				);
				PRODUCT_BUNDLE_IDENTIFIER = com.takahiroUdemy.SampleCollectionViewUITests;
				PRODUCT_NAME = "$(TARGET_NAME)";
				SWIFT_VERSION = 5.0;
				TARGETED_DEVICE_FAMILY = "1,2";
				TEST_TARGET_NAME = SampleCollectionView;
			};
			name = Debug;
		};
		D269FB522837799B00B5B027 /* Release */ = {
			isa = XCBuildConfiguration;
			buildSettings = {
				ALWAYS_EMBED_SWIFT_STANDARD_LIBRARIES = YES;
				CODE_SIGN_STYLE = Automatic;
				DEVELOPMENT_TEAM = 2QK7L58VJQ;
				INFOPLIST_FILE = SampleCollectionViewUITests/Info.plist;
				LD_RUNPATH_SEARCH_PATHS = (
					"$(inherited)",
					"@executable_path/Frameworks",
					"@loader_path/Frameworks",
				);
				PRODUCT_BUNDLE_IDENTIFIER = com.takahiroUdemy.SampleCollectionViewUITests;
				PRODUCT_NAME = "$(TARGET_NAME)";
				SWIFT_VERSION = 5.0;
				TARGETED_DEVICE_FAMILY = "1,2";
				TEST_TARGET_NAME = SampleCollectionView;
			};
			name = Release;
		};
/* End XCBuildConfiguration section */

/* Begin XCConfigurationList section */
		D269FB1B2837799600B5B027 /* Build configuration list for PBXProject "SampleCollectionView" */ = {
			isa = XCConfigurationList;
			buildConfigurations = (
				D269FB482837799B00B5B027 /* Debug */,
				D269FB492837799B00B5B027 /* Release */,
			);
			defaultConfigurationIsVisible = 0;
			defaultConfigurationName = Release;
		};
		D269FB4A2837799B00B5B027 /* Build configuration list for PBXNativeTarget "SampleCollectionView" */ = {
			isa = XCConfigurationList;
			buildConfigurations = (
				D269FB4B2837799B00B5B027 /* Debug */,
				D269FB4C2837799B00B5B027 /* Release */,
			);
			defaultConfigurationIsVisible = 0;
			defaultConfigurationName = Release;
		};
		D269FB4D2837799B00B5B027 /* Build configuration list for PBXNativeTarget "SampleCollectionViewTests" */ = {
			isa = XCConfigurationList;
			buildConfigurations = (
				D269FB4E2837799B00B5B027 /* Debug */,
				D269FB4F2837799B00B5B027 /* Release */,
			);
			defaultConfigurationIsVisible = 0;
			defaultConfigurationName = Release;
		};
		D269FB502837799B00B5B027 /* Build configuration list for PBXNativeTarget "SampleCollectionViewUITests" */ = {
			isa = XCConfigurationList;
			buildConfigurations = (
				D269FB512837799B00B5B027 /* Debug */,
				D269FB522837799B00B5B027 /* Release */,
			);
			defaultConfigurationIsVisible = 0;
			defaultConfigurationName = Release;
		};
/* End XCConfigurationList section */
	};
	rootObject = D269FB182837799600B5B027 /* Project object */;
}
